// !$*UTF8*$!
{
	archiveVersion = 1;
	classes = {
	};
	objectVersion = 77;
	objects = {

/* Begin PBXContainerItemProxy section */
		C48634D02DDC8B3500BBDE9F /* PBXContainerItemProxy */ = {
			isa = PBXContainerItemProxy;
			containerPortal = C48634BA2DDC8B3400BBDE9F /* Project object */;
			proxyType = 1;
			remoteGlobalIDString = C48634C12DDC8B3400BBDE9F;
			remoteInfo = PhotoSwiper;
		};
		C48634DA2DDC8B3500BBDE9F /* PBXContainerItemProxy */ = {
			isa = PBXContainerItemProxy;
			containerPortal = C48634BA2DDC8B3400BBDE9F /* Project object */;
			proxyType = 1;
			remoteGlobalIDString = C48634C12DDC8B3400BBDE9F;
			remoteInfo = PhotoSwiper;
		};
/* End PBXContainerItemProxy section */

/* Begin PBXFileReference section */
		C48634C22DDC8B3400BBDE9F /* PhotoSwiper.app */ = {isa = PBXFileReference; explicitFileType = wrapper.application; includeInIndex = 0; path = PhotoSwiper.app; sourceTree = BUILT_PRODUCTS_DIR; };
		C48634CF2DDC8B3500BBDE9F /* PhotoSwiperTests.xctest */ = {isa = PBXFileReference; explicitFileType = wrapper.cfbundle; includeInIndex = 0; path = PhotoSwiperTests.xctest; sourceTree = BUILT_PRODUCTS_DIR; };
		C48634D92DDC8B3500BBDE9F /* PhotoSwiperUITests.xctest */ = {isa = PBXFileReference; explicitFileType = wrapper.cfbundle; includeInIndex = 0; path = PhotoSwiperUITests.xctest; sourceTree = BUILT_PRODUCTS_DIR; };
/* End PBXFileReference section */

/* Begin PBXFileSystemSynchronizedBuildFileExceptionSet section */
		C48634F52DDC8DAF00BBDE9F /* Exceptions for "PhotoSwiper" folder in "PhotoSwiper" target */ = {
			isa = PBXFileSystemSynchronizedBuildFileExceptionSet;
			membershipExceptions = (
				Info.plist,
			);
			target = C48634C12DDC8B3400BBDE9F /* PhotoSwiper */;
		};
/* End PBXFileSystemSynchronizedBuildFileExceptionSet section */

/* Begin PBXFileSystemSynchronizedRootGroup section */
		C48634C42DDC8B3400BBDE9F /* PhotoSwiper */ = {
			isa = PBXFileSystemSynchronizedRootGroup;
			exceptions = (
				C48634F52DDC8DAF00BBDE9F /* Exceptions for "PhotoSwiper" folder in "PhotoSwiper" target */,
			);
			path = PhotoSwiper;
			sourceTree = "<group>";
		};
		C48634D22DDC8B3500BBDE9F /* PhotoSwiperTests */ = {
			isa = PBXFileSystemSynchronizedRootGroup;
			path = PhotoSwiperTests;
			sourceTree = "<group>";
		};
		C48634DC2DDC8B3500BBDE9F /* PhotoSwiperUITests */ = {
			isa = PBXFileSystemSynchronizedRootGroup;
			path = PhotoSwiperUITests;
			sourceTree = "<group>";
		};
/* End PBXFileSystemSynchronizedRootGroup section */

/* Begin PBXFrameworksBuildPhase section */
		C48634BF2DDC8B3400BBDE9F /* Frameworks */ = {
			isa = PBXFrameworksBuildPhase;
			buildActionMask = 2147483647;
			files = (
			);
			runOnlyForDeploymentPostprocessing = 0;
		};
		C48634CC2DDC8B3500BBDE9F /* Frameworks */ = {
			isa = PBXFrameworksBuildPhase;
			buildActionMask = 2147483647;
			files = (
			);
			runOnlyForDeploymentPostprocessing = 0;
		};
		C48634D62DDC8B3500BBDE9F /* Frameworks */ = {
			isa = PBXFrameworksBuildPhase;
			buildActionMask = 2147483647;
			files = (
			);
			runOnlyForDeploymentPostprocessing = 0;
		};
/* End PBXFrameworksBuildPhase section */

/* Begin PBXGroup section */
		C48634B92DDC8B3400BBDE9F = {
			isa = PBXGroup;
			children = (
				C48634C42DDC8B3400BBDE9F /* PhotoSwiper */,
				C48634D22DDC8B3500BBDE9F /* PhotoSwiperTests */,
				C48634DC2DDC8B3500BBDE9F /* PhotoSwiperUITests */,
				C48634C32DDC8B3400BBDE9F /* Products */,
			);
			sourceTree = "<group>";
		};
		C48634C32DDC8B3400BBDE9F /* Products */ = {
			isa = PBXGroup;
			children = (
				C48634C22DDC8B3400BBDE9F /* PhotoSwiper.app */,
				C48634CF2DDC8B3500BBDE9F /* PhotoSwiperTests.xctest */,
				C48634D92DDC8B3500BBDE9F /* PhotoSwiperUITests.xctest */,
			);
			name = Products;
			sourceTree = "<group>";
		};
/* End PBXGroup section */

/* Begin PBXNativeTarget section */
		C48634C12DDC8B3400BBDE9F /* PhotoSwiper */ = {
			isa = PBXNativeTarget;
			buildConfigurationList = C48634E32DDC8B3500BBDE9F /* Build configuration list for PBXNativeTarget "PhotoSwiper" */;
			buildPhases = (
				C48634BE2DDC8B3400BBDE9F /* Sources */,
				C48634BF2DDC8B3400BBDE9F /* Frameworks */,
				C48634C02DDC8B3400BBDE9F /* Resources */,
			);
			buildRules = (
			);
			dependencies = (
			);
			fileSystemSynchronizedGroups = (
				C48634C42DDC8B3400BBDE9F /* PhotoSwiper */,
			);
			name = PhotoSwiper;
			packageProductDependencies = (
			);
			productName = PhotoSwiper;
			productReference = C48634C22DDC8B3400BBDE9F /* PhotoSwiper.app */;
			productType = "com.apple.product-type.application";
		};
		C48634CE2DDC8B3500BBDE9F /* PhotoSwiperTests */ = {
			isa = PBXNativeTarget;
			buildConfigurationList = C48634E62DDC8B3500BBDE9F /* Build configuration list for PBXNativeTarget "PhotoSwiperTests" */;
			buildPhases = (
				C48634CB2DDC8B3500BBDE9F /* Sources */,
				C48634CC2DDC8B3500BBDE9F /* Frameworks */,
				C48634CD2DDC8B3500BBDE9F /* Resources */,
			);
			buildRules = (
			);
			dependencies = (
				C48634D12DDC8B3500BBDE9F /* PBXTargetDependency */,
			);
			fileSystemSynchronizedGroups = (
				C48634D22DDC8B3500BBDE9F /* PhotoSwiperTests */,
			);
			name = PhotoSwiperTests;
			packageProductDependencies = (
			);
			productName = PhotoSwiperTests;
			productReference = C48634CF2DDC8B3500BBDE9F /* PhotoSwiperTests.xctest */;
			productType = "com.apple.product-type.bundle.unit-test";
		};
		C48634D82DDC8B3500BBDE9F /* PhotoSwiperUITests */ = {
			isa = PBXNativeTarget;
			buildConfigurationList = C48634E92DDC8B3500BBDE9F /* Build configuration list for PBXNativeTarget "PhotoSwiperUITests" */;
			buildPhases = (
				C48634D52DDC8B3500BBDE9F /* Sources */,
				C48634D62DDC8B3500BBDE9F /* Frameworks */,
				C48634D72DDC8B3500BBDE9F /* Resources */,
			);
			buildRules = (
			);
			dependencies = (
				C48634DB2DDC8B3500BBDE9F /* PBXTargetDependency */,
			);
			fileSystemSynchronizedGroups = (
				C48634DC2DDC8B3500BBDE9F /* PhotoSwiperUITests */,
			);
			name = PhotoSwiperUITests;
			packageProductDependencies = (
			);
			productName = PhotoSwiperUITests;
			productReference = C48634D92DDC8B3500BBDE9F /* PhotoSwiperUITests.xctest */;
			productType = "com.apple.product-type.bundle.ui-testing";
		};
/* End PBXNativeTarget section */

/* Begin PBXProject section */
		C48634BA2DDC8B3400BBDE9F /* Project object */ = {
			isa = PBXProject;
			attributes = {
				BuildIndependentTargetsInParallel = 1;
				LastSwiftUpdateCheck = 1630;
				LastUpgradeCheck = 1630;
				TargetAttributes = {
					C48634C12DDC8B3400BBDE9F = {
						CreatedOnToolsVersion = 16.3;
					};
					C48634CE2DDC8B3500BBDE9F = {
						CreatedOnToolsVersion = 16.3;
						TestTargetID = C48634C12DDC8B3400BBDE9F;
					};
					C48634D82DDC8B3500BBDE9F = {
						CreatedOnToolsVersion = 16.3;
						TestTargetID = C48634C12DDC8B3400BBDE9F;
					};
				};
			};
			buildConfigurationList = C48634BD2DDC8B3400BBDE9F /* Build configuration list for PBXProject "PhotoSwiper" */;
			developmentRegion = en;
			hasScannedForEncodings = 0;
			knownRegions = (
				en,
				Base,
			);
			mainGroup = C48634B92DDC8B3400BBDE9F;
			minimizedProjectReferenceProxies = 1;
			preferredProjectObjectVersion = 77;
			productRefGroup = C48634C32DDC8B3400BBDE9F /* Products */;
			projectDirPath = "";
			projectRoot = "";
			targets = (
				C48634C12DDC8B3400BBDE9F /* PhotoSwiper */,
				C48634CE2DDC8B3500BBDE9F /* PhotoSwiperTests */,
				C48634D82DDC8B3500BBDE9F /* PhotoSwiperUITests */,
			);
		};
/* End PBXProject section */

/* Begin PBXResourcesBuildPhase section */
		C48634C02DDC8B3400BBDE9F /* Resources */ = {
			isa = PBXResourcesBuildPhase;
			buildActionMask = 2147483647;
			files = (
			);
			runOnlyForDeploymentPostprocessing = 0;
		};
		C48634CD2DDC8B3500BBDE9F /* Resources */ = {
			isa = PBXResourcesBuildPhase;
			buildActionMask = 2147483647;
			files = (
			);
			runOnlyForDeploymentPostprocessing = 0;
		};
		C48634D72DDC8B3500BBDE9F /* Resources */ = {
			isa = PBXResourcesBuildPhase;
			buildActionMask = 2147483647;
			files = (
			);
			runOnlyForDeploymentPostprocessing = 0;
		};
/* End PBXResourcesBuildPhase section */

/* Begin PBXSourcesBuildPhase section */
		C48634BE2DDC8B3400BBDE9F /* Sources */ = {
			isa = PBXSourcesBuildPhase;
			buildActionMask = 2147483647;
			files = (
			);
			runOnlyForDeploymentPostprocessing = 0;
		};
		C48634CB2DDC8B3500BBDE9F /* Sources */ = {
			isa = PBXSourcesBuildPhase;
			buildActionMask = 2147483647;
			files = (
			);
			runOnlyForDeploymentPostprocessing = 0;
		};
		C48634D52DDC8B3500BBDE9F /* Sources */ = {
			isa = PBXSourcesBuildPhase;
			buildActionMask = 2147483647;
			files = (
			);
			runOnlyForDeploymentPostprocessing = 0;
		};
/* End PBXSourcesBuildPhase section */

/* Begin PBXTargetDependency section */
		C48634D12DDC8B3500BBDE9F /* PBXTargetDependency */ = {
			isa = PBXTargetDependency;
			target = C48634C12DDC8B3400BBDE9F /* PhotoSwiper */;
			targetProxy = C48634D02DDC8B3500BBDE9F /* PBXContainerItemProxy */;
		};
		C48634DB2DDC8B3500BBDE9F /* PBXTargetDependency */ = {
			isa = PBXTargetDependency;
			target = C48634C12DDC8B3400BBDE9F /* PhotoSwiper */;
			targetProxy = C48634DA2DDC8B3500BBDE9F /* PBXContainerItemProxy */;
		};
/* End PBXTargetDependency section */

/* Begin XCBuildConfiguration section */
		C48634E12DDC8B3500BBDE9F /* Debug */ = {
			isa = XCBuildConfiguration;
			buildSettings = {
				ALWAYS_SEARCH_USER_PATHS = NO;
				ASSETCATALOG_COMPILER_GENERATE_SWIFT_ASSET_SYMBOL_EXTENSIONS = YES;
				CLANG_ANALYZER_NONNULL = YES;
				CLANG_ANALYZER_NUMBER_OBJECT_CONVERSION = YES_AGGRESSIVE;
				CLANG_CXX_LANGUAGE_STANDARD = "gnu++20";
				CLANG_ENABLE_MODULES = YES;
				CLANG_ENABLE_OBJC_ARC = YES;
				CLANG_ENABLE_OBJC_WEAK = YES;
				CLANG_WARN_BLOCK_CAPTURE_AUTORELEASING = YES;
				CLANG_WARN_BOOL_CONVERSION = YES;
				CLANG_WARN_COMMA = YES;
				CLANG_WARN_CONSTANT_CONVERSION = YES;
				CLANG_WARN_DEPRECATED_OBJC_IMPLEMENTATIONS = YES;
				CLANG_WARN_DIRECT_OBJC_ISA_USAGE = YES_ERROR;
				CLANG_WARN_DOCUMENTATION_COMMENTS = YES;
				CLANG_WARN_EMPTY_BODY = YES;
				CLANG_WARN_ENUM_CONVERSION = YES;
				CLANG_WARN_INFINITE_RECURSION = YES;
				CLANG_WARN_INT_CONVERSION = YES;
				CLANG_WARN_NON_LITERAL_NULL_CONVERSION = YES;
				CLANG_WARN_OBJC_IMPLICIT_RETAIN_SELF = YES;
				CLANG_WARN_OBJC_LITERAL_CONVERSION = YES;
				CLANG_WARN_OBJC_ROOT_CLASS = YES_ERROR;
				CLANG_WARN_QUOTED_INCLUDE_IN_FRAMEWORK_HEADER = YES;
				CLANG_WARN_RANGE_LOOP_ANALYSIS = YES;
				CLANG_WARN_STRICT_PROTOTYPES = YES;
				CLANG_WARN_SUSPICIOUS_MOVE = YES;
				CLANG_WARN_UNGUARDED_AVAILABILITY = YES_AGGRESSIVE;
				CLANG_WARN_UNREACHABLE_CODE = YES;
				CLANG_WARN__DUPLICATE_METHOD_MATCH = YES;
				COPY_PHASE_STRIP = NO;
				DEBUG_INFORMATION_FORMAT = dwarf;
				DEVELOPMENT_TEAM = CP7MR46DLZ;
				ENABLE_STRICT_OBJC_MSGSEND = YES;
				ENABLE_TESTABILITY = YES;
				ENABLE_USER_SCRIPT_SANDBOXING = YES;
				GCC_C_LANGUAGE_STANDARD = gnu17;
				GCC_DYNAMIC_NO_PIC = NO;
				GCC_NO_COMMON_BLOCKS = YES;
				GCC_OPTIMIZATION_LEVEL = 0;
				GCC_PREPROCESSOR_DEFINITIONS = (
					"DEBUG=1",
					"$(inherited)",
				);
				GCC_WARN_64_TO_32_BIT_CONVERSION = YES;
				GCC_WARN_ABOUT_RETURN_TYPE = YES_ERROR;
				GCC_WARN_UNDECLARED_SELECTOR = YES;
				GCC_WARN_UNINITIALIZED_AUTOS = YES_AGGRESSIVE;
				GCC_WARN_UNUSED_FUNCTION = YES;
				GCC_WARN_UNUSED_VARIABLE = YES;
				IPHONEOS_DEPLOYMENT_TARGET = 18.4;
				LOCALIZATION_PREFERS_STRING_CATALOGS = YES;
				MTL_ENABLE_DEBUG_INFO = INCLUDE_SOURCE;
				MTL_FAST_MATH = YES;
				ONLY_ACTIVE_ARCH = YES;
				SDKROOT = iphoneos;
				SWIFT_ACTIVE_COMPILATION_CONDITIONS = "DEBUG $(inherited)";
				SWIFT_OPTIMIZATION_LEVEL = "-Onone";
			};
			name = Debug;
		};
		C48634E22DDC8B3500BBDE9F /* Release */ = {
			isa = XCBuildConfiguration;
			buildSettings = {
				ALWAYS_SEARCH_USER_PATHS = NO;
				ASSETCATALOG_COMPILER_GENERATE_SWIFT_ASSET_SYMBOL_EXTENSIONS = YES;
				CLANG_ANALYZER_NONNULL = YES;
				CLANG_ANALYZER_NUMBER_OBJECT_CONVERSION = YES_AGGRESSIVE;
				CLANG_CXX_LANGUAGE_STANDARD = "gnu++20";
				CLANG_ENABLE_MODULES = YES;
				CLANG_ENABLE_OBJC_ARC = YES;
				CLANG_ENABLE_OBJC_WEAK = YES;
				CLANG_WARN_BLOCK_CAPTURE_AUTORELEASING = YES;
				CLANG_WARN_BOOL_CONVERSION = YES;
				CLANG_WARN_COMMA = YES;
				CLANG_WARN_CONSTANT_CONVERSION = YES;
				CLANG_WARN_DEPRECATED_OBJC_IMPLEMENTATIONS = YES;
				CLANG_WARN_DIRECT_OBJC_ISA_USAGE = YES_ERROR;
				CLANG_WARN_DOCUMENTATION_COMMENTS = YES;
				CLANG_WARN_EMPTY_BODY = YES;
				CLANG_WARN_ENUM_CONVERSION = YES;
				CLANG_WARN_INFINITE_RECURSION = YES;
				CLANG_WARN_INT_CONVERSION = YES;
				CLANG_WARN_NON_LITERAL_NULL_CONVERSION = YES;
				CLANG_WARN_OBJC_IMPLICIT_RETAIN_SELF = YES;
				CLANG_WARN_OBJC_LITERAL_CONVERSION = YES;
				CLANG_WARN_OBJC_ROOT_CLASS = YES_ERROR;
				CLANG_WARN_QUOTED_INCLUDE_IN_FRAMEWORK_HEADER = YES;
				CLANG_WARN_RANGE_LOOP_ANALYSIS = YES;
				CLANG_WARN_STRICT_PROTOTYPES = YES;
				CLANG_WARN_SUSPICIOUS_MOVE = YES;
				CLANG_WARN_UNGUARDED_AVAILABILITY = YES_AGGRESSIVE;
				CLANG_WARN_UNREACHABLE_CODE = YES;
				CLANG_WARN__DUPLICATE_METHOD_MATCH = YES;
				COPY_PHASE_STRIP = NO;
				DEBUG_INFORMATION_FORMAT = "dwarf-with-dsym";
				DEVELOPMENT_TEAM = CP7MR46DLZ;
				ENABLE_NS_ASSERTIONS = NO;
				ENABLE_STRICT_OBJC_MSGSEND = YES;
				ENABLE_USER_SCRIPT_SANDBOXING = YES;
				GCC_C_LANGUAGE_STANDARD = gnu17;
				GCC_NO_COMMON_BLOCKS = YES;
				GCC_WARN_64_TO_32_BIT_CONVERSION = YES;
				GCC_WARN_ABOUT_RETURN_TYPE = YES_ERROR;
				GCC_WARN_UNDECLARED_SELECTOR = YES;
				GCC_WARN_UNINITIALIZED_AUTOS = YES_AGGRESSIVE;
				GCC_WARN_UNUSED_FUNCTION = YES;
				GCC_WARN_UNUSED_VARIABLE = YES;
				IPHONEOS_DEPLOYMENT_TARGET = 18.4;
				LOCALIZATION_PREFERS_STRING_CATALOGS = YES;
				MTL_ENABLE_DEBUG_INFO = NO;
				MTL_FAST_MATH = YES;
				SDKROOT = iphoneos;
				SWIFT_COMPILATION_MODE = wholemodule;
				VALIDATE_PRODUCT = YES;
			};
			name = Release;
		};
		C48634E42DDC8B3500BBDE9F /* Debug */ = {
			isa = XCBuildConfiguration;
			buildSettings = {
				ASSETCATALOG_COMPILER_APPICON_NAME = AppIcon;
				ASSETCATALOG_COMPILER_GLOBAL_ACCENT_COLOR_NAME = AccentColor;
				CODE_SIGN_STYLE = Automatic;
				CURRENT_PROJECT_VERSION = 1;
				DEVELOPMENT_TEAM = CP7MR46DLZ;
				ENABLE_PREVIEWS = YES;
				GENERATE_INFOPLIST_FILE = YES;
				INFOPLIST_FILE = PhotoSwiper/Info.plist;
				INFOPLIST_KEY_NSPhotoLibraryUsageDescription = "Photo Swiper needs access to your photos to help you organize and delete unwanted images.";
				INFOPLIST_KEY_UIApplicationSceneManifest_Generation = YES;
				INFOPLIST_KEY_UIApplicationSupportsIndirectInputEvents = YES;
				INFOPLIST_KEY_UILaunchScreen_Generation = YES;
				INFOPLIST_KEY_UISupportedInterfaceOrientations_iPad = "UIInterfaceOrientationPortrait UIInterfaceOrientationPortraitUpsideDown UIInterfaceOrientationLandscapeLeft UIInterfaceOrientationLandscapeRight";
				INFOPLIST_KEY_UISupportedInterfaceOrientations_iPhone = "UIInterfaceOrientationPortrait UIInterfaceOrientationLandscapeLeft UIInterfaceOrientationLandscapeRight";
				LD_RUNPATH_SEARCH_PATHS = (
					"$(inherited)",
					"@executable_path/Frameworks",
				);
				MARKETING_VERSION = 1.0;
				PRODUCT_BUNDLE_IDENTIFIER = leote.PhotoSwiper;
				PRODUCT_NAME = "$(TARGET_NAME)";
				SWIFT_EMIT_LOC_STRINGS = YES;
				SWIFT_VERSION = 5.0;
				TARGETED_DEVICE_FAMILY = "1,2";
			};
			name = Debug;
		};
		C48634E52DDC8B3500BBDE9F /* Release */ = {
			isa = XCBuildConfiguration;
			buildSettings = {
				ASSETCATALOG_COMPILER_APPICON_NAME = AppIcon;
				ASSETCATALOG_COMPILER_GLOBAL_ACCENT_COLOR_NAME = AccentColor;
				CODE_SIGN_STYLE = Automatic;
				CURRENT_PROJECT_VERSION = 1;
				DEVELOPMENT_TEAM = CP7MR46DLZ;
				ENABLE_PREVIEWS = YES;
				GENERATE_INFOPLIST_FILE = YES;
				INFOPLIST_FILE = PhotoSwiper/Info.plist;
				INFOPLIST_KEY_NSPhotoLibraryUsageDescription = "Photo Swiper needs access to your photos to help you organize and delete unwanted images.";
				INFOPLIST_KEY_UIApplicationSceneManifest_Generation = YES;
				INFOPLIST_KEY_UIApplicationSupportsIndirectInputEvents = YES;
				INFOPLIST_KEY_UILaunchScreen_Generation = YES;
				INFOPLIST_KEY_UISupportedInterfaceOrientations_iPad = "UIInterfaceOrientationPortrait UIInterfaceOrientationPortraitUpsideDown UIInterfaceOrientationLandscapeLeft UIInterfaceOrientationLandscapeRight";
				INFOPLIST_KEY_UISupportedInterfaceOrientations_iPhone = "UIInterfaceOrientationPortrait UIInterfaceOrientationLandscapeLeft UIInterfaceOrientationLandscapeRight";
				LD_RUNPATH_SEARCH_PATHS = (
					"$(inherited)",
					"@executable_path/Frameworks",
				);
				MARKETING_VERSION = 1.0;
				PRODUCT_BUNDLE_IDENTIFIER = leote.PhotoSwiper;
				PRODUCT_NAME = "$(TARGET_NAME)";
				SWIFT_EMIT_LOC_STRINGS = YES;
				SWIFT_VERSION = 5.0;
				TARGETED_DEVICE_FAMILY = "1,2";
			};
			name = Release;
		};
		C48634E72DDC8B3500BBDE9F /* Debug */ = {
			isa = XCBuildConfiguration;
			buildSettings = {
				BUNDLE_LOADER = "$(TEST_HOST)";
				CODE_SIGN_STYLE = Automatic;
				CURRENT_PROJECT_VERSION = 1;
				DEVELOPMENT_TEAM = CP7MR46DLZ;
				GENERATE_INFOPLIST_FILE = YES;
				IPHONEOS_DEPLOYMENT_TARGET = 18.4;
				MARKETING_VERSION = 1.0;
				PRODUCT_BUNDLE_IDENTIFIER = leote.PhotoSwiperTests;
				PRODUCT_NAME = "$(TARGET_NAME)";
				SWIFT_EMIT_LOC_STRINGS = NO;
				SWIFT_VERSION = 5.0;
				TARGETED_DEVICE_FAMILY = "1,2";
				TEST_HOST = "$(BUILT_PRODUCTS_DIR)/PhotoSwiper.app/$(BUNDLE_EXECUTABLE_FOLDER_PATH)/PhotoSwiper";
			};
			name = Debug;
		};
		C48634E82DDC8B3500BBDE9F /* Release */ = {
			isa = XCBuildConfiguration;
			buildSettings = {
				BUNDLE_LOADER = "$(TEST_HOST)";
				CODE_SIGN_STYLE = Automatic;
				CURRENT_PROJECT_VERSION = 1;
				DEVELOPMENT_TEAM = CP7MR46DLZ;
				GENERATE_INFOPLIST_FILE = YES;
				IPHONEOS_DEPLOYMENT_TARGET = 18.4;
				MARKETING_VERSION = 1.0;
				PRODUCT_BUNDLE_IDENTIFIER = leote.PhotoSwiperTests;
				PRODUCT_NAME = "$(TARGET_NAME)";
				SWIFT_EMIT_LOC_STRINGS = NO;
				SWIFT_VERSION = 5.0;
				TARGETED_DEVICE_FAMILY = "1,2";
				TEST_HOST = "$(BUILT_PRODUCTS_DIR)/PhotoSwiper.app/$(BUNDLE_EXECUTABLE_FOLDER_PATH)/PhotoSwiper";
			};
			name = Release;
		};
		C48634EA2DDC8B3500BBDE9F /* Debug */ = {
			isa = XCBuildConfiguration;
			buildSettings = {
				CODE_SIGN_STYLE = Automatic;
				CURRENT_PROJECT_VERSION = 1;
				DEVELOPMENT_TEAM = CP7MR46DLZ;
				GENERATE_INFOPLIST_FILE = YES;
				MARKETING_VERSION = 1.0;
				PRODUCT_BUNDLE_IDENTIFIER = leote.PhotoSwiperUITests;
				PRODUCT_NAME = "$(TARGET_NAME)";
				SWIFT_EMIT_LOC_STRINGS = NO;
				SWIFT_VERSION = 5.0;
				TARGETED_DEVICE_FAMILY = "1,2";
				TEST_TARGET_NAME = PhotoSwiper;
			};
			name = Debug;
		};
		C48634EB2DDC8B3500BBDE9F /* Release */ = {
			isa = XCBuildConfiguration;
			buildSettings = {
				CODE_SIGN_STYLE = Automatic;
				CURRENT_PROJECT_VERSION = 1;
				DEVELOPMENT_TEAM = CP7MR46DLZ;
				GENERATE_INFOPLIST_FILE = YES;
				MARKETING_VERSION = 1.0;
				PRODUCT_BUNDLE_IDENTIFIER = leote.PhotoSwiperUITests;
				PRODUCT_NAME = "$(TARGET_NAME)";
				SWIFT_EMIT_LOC_STRINGS = NO;
				SWIFT_VERSION = 5.0;
				TARGETED_DEVICE_FAMILY = "1,2";
				TEST_TARGET_NAME = PhotoSwiper;
			};
			name = Release;
		};
/* End XCBuildConfiguration section */

/* Begin XCConfigurationList section */
		C48634BD2DDC8B3400BBDE9F /* Build configuration list for PBXProject "PhotoSwiper" */ = {
			isa = XCConfigurationList;
			buildConfigurations = (
				C48634E12DDC8B3500BBDE9F /* Debug */,
				C48634E22DDC8B3500BBDE9F /* Release */,
			);
			defaultConfigurationIsVisible = 0;
			defaultConfigurationName = Release;
		};
		C48634E32DDC8B3500BBDE9F /* Build configuration list for PBXNativeTarget "PhotoSwiper" */ = {
			isa = XCConfigurationList;
			buildConfigurations = (
				C48634E42DDC8B3500BBDE9F /* Debug */,
				C48634E52DDC8B3500BBDE9F /* Release */,
			);
			defaultConfigurationIsVisible = 0;
			defaultConfigurationName = Release;
		};
		C48634E62DDC8B3500BBDE9F /* Build configuration list for PBXNativeTarget "PhotoSwiperTests" */ = {
			isa = XCConfigurationList;
			buildConfigurations = (
				C48634E72DDC8B3500BBDE9F /* Debug */,
				C48634E82DDC8B3500BBDE9F /* Release */,
			);
			defaultConfigurationIsVisible = 0;
			defaultConfigurationName = Release;
		};
		C48634E92DDC8B3500BBDE9F /* Build configuration list for PBXNativeTarget "PhotoSwiperUITests" */ = {
			isa = XCConfigurationList;
			buildConfigurations = (
				C48634EA2DDC8B3500BBDE9F /* Debug */,
				C48634EB2DDC8B3500BBDE9F /* Release */,
			);
			defaultConfigurationIsVisible = 0;
			defaultConfigurationName = Release;
		};
/* End XCConfigurationList section */
	};
	rootObject = C48634BA2DDC8B3400BBDE9F /* Project object */;
}
